// !$*UTF8*$!
{
	archiveVersion = 1;
	classes = {
	};
	objectVersion = 55;
	objects = {

/* Begin PBXBuildFile section */
		074934592824AD5A006C766F /* testwcdb.mm in Sources */ = {isa = PBXBuildFile; fileRef = 074934582824AD5A006C766F /* testwcdb.mm */; };
		0749345A2824AD5A006C766F /* testwcdb.h in CopyFiles */ = {isa = PBXBuildFile; fileRef = 074934572824AD5A006C766F /* testwcdb.h */; };
		074934692824C5D1006C766F /* CIBXAppDAOBase.mm in Sources */ = {isa = PBXBuildFile; fileRef = 074934652824C5D1006C766F /* CIBXAppDAOBase.mm */; };
		0749346C2824C8CD006C766F /* CIBXAppConfigDao.mm in Sources */ = {isa = PBXBuildFile; fileRef = 0749346B2824C8CD006C766F /* CIBXAppConfigDao.mm */; };
		074934702824C900006C766F /* CIBXAppConfigModel.mm in Sources */ = {isa = PBXBuildFile; fileRef = 0749346D2824C8FF006C766F /* CIBXAppConfigModel.mm */; };
		ECE0A4E4A204FFC4301040FC /* Pods_testwcdb.framework in Frameworks */ = {isa = PBXBuildFile; fileRef = C2BD0477E8CD4C30D4F3111D /* Pods_testwcdb.framework */; };
/* End PBXBuildFile section */

/* Begin PBXCopyFilesBuildPhase section */
		074934522824AD5A006C766F /* CopyFiles */ = {
			isa = PBXCopyFilesBuildPhase;
			buildActionMask = 2147483647;
			dstPath = "include/$(PRODUCT_NAME)";
			dstSubfolderSpec = 16;
			files = (
				0749345A2824AD5A006C766F /* testwcdb.h in CopyFiles */,
			);
			runOnlyForDeploymentPostprocessing = 0;
		};
/* End PBXCopyFilesBuildPhase section */

/* Begin PBXFileReference section */
		074934542824AD5A006C766F /* libtestwcdb.a */ = {isa = PBXFileReference; explicitFileType = archive.ar; includeInIndex = 0; path = libtestwcdb.a; sourceTree = BUILT_PRODUCTS_DIR; };
		074934572824AD5A006C766F /* testwcdb.h */ = {isa = PBXFileReference; lastKnownFileType = sourcecode.c.h; path = testwcdb.h; sourceTree = "<group>"; };
		074934582824AD5A006C766F /* testwcdb.mm */ = {isa = PBXFileReference; lastKnownFileType = sourcecode.cpp.objcpp; path = testwcdb.mm; sourceTree = "<group>"; };
		074934652824C5D1006C766F /* CIBXAppDAOBase.mm */ = {isa = PBXFileReference; fileEncoding = 4; lastKnownFileType = sourcecode.cpp.objcpp; path = CIBXAppDAOBase.mm; sourceTree = "<group>"; };
		074934662824C5D1006C766F /* CIBXAppDAOBase+Private.h */ = {isa = PBXFileReference; fileEncoding = 4; lastKnownFileType = sourcecode.c.h; path = "CIBXAppDAOBase+Private.h"; sourceTree = "<group>"; };
		074934672824C5D1006C766F /* CIBXAPPWCDBKey.h */ = {isa = PBXFileReference; fileEncoding = 4; lastKnownFileType = sourcecode.c.h; path = CIBXAPPWCDBKey.h; sourceTree = "<group>"; };
		074934682824C5D1006C766F /* CIBXAppDAOBase.h */ = {isa = PBXFileReference; fileEncoding = 4; lastKnownFileType = sourcecode.c.h; path = CIBXAppDAOBase.h; sourceTree = "<group>"; };
		0749346A2824C8CD006C766F /* CIBXAppConfigDao.h */ = {isa = PBXFileReference; fileEncoding = 4; lastKnownFileType = sourcecode.c.h; path = CIBXAppConfigDao.h; sourceTree = "<group>"; };
		0749346B2824C8CD006C766F /* CIBXAppConfigDao.mm */ = {isa = PBXFileReference; fileEncoding = 4; lastKnownFileType = sourcecode.cpp.objcpp; path = CIBXAppConfigDao.mm; sourceTree = "<group>"; };
		0749346D2824C8FF006C766F /* CIBXAppConfigModel.mm */ = {isa = PBXFileReference; fileEncoding = 4; lastKnownFileType = sourcecode.cpp.objcpp; path = CIBXAppConfigModel.mm; sourceTree = "<group>"; };
		0749346E2824C8FF006C766F /* CIBXAppConfigModel+WCTTableCoding.h */ = {isa = PBXFileReference; fileEncoding = 4; lastKnownFileType = sourcecode.c.h; path = "CIBXAppConfigModel+WCTTableCoding.h"; sourceTree = "<group>"; };
		0749346F2824C900006C766F /* CIBXAppConfigModel.h */ = {isa = PBXFileReference; fileEncoding = 4; lastKnownFileType = sourcecode.c.h; path = CIBXAppConfigModel.h; sourceTree = "<group>"; };
		699AC50D524EAD7F63600B32 /* Pods-testwcdb.debug.xcconfig */ = {isa = PBXFileReference; includeInIndex = 1; lastKnownFileType = text.xcconfig; name = "Pods-testwcdb.debug.xcconfig"; path = "Target Support Files/Pods-testwcdb/Pods-testwcdb.debug.xcconfig"; sourceTree = "<group>"; };
		C2BD0477E8CD4C30D4F3111D /* Pods_testwcdb.framework */ = {isa = PBXFileReference; explicitFileType = wrapper.framework; includeInIndex = 0; path = Pods_testwcdb.framework; sourceTree = BUILT_PRODUCTS_DIR; };
		E5D1525BABA5DC7D83FFC97B /* Pods-testwcdb.release.xcconfig */ = {isa = PBXFileReference; includeInIndex = 1; lastKnownFileType = text.xcconfig; name = "Pods-testwcdb.release.xcconfig"; path = "Target Support Files/Pods-testwcdb/Pods-testwcdb.release.xcconfig"; sourceTree = "<group>"; };
/* End PBXFileReference section */

/* Begin PBXFrameworksBuildPhase section */
		074934512824AD5A006C766F /* Frameworks */ = {
			isa = PBXFrameworksBuildPhase;
			buildActionMask = 2147483647;
			files = (
				ECE0A4E4A204FFC4301040FC /* Pods_testwcdb.framework in Frameworks */,
			);
			runOnlyForDeploymentPostprocessing = 0;
		};
/* End PBXFrameworksBuildPhase section */

/* Begin PBXGroup section */
		0749344B2824AD5A006C766F = {
			isa = PBXGroup;
			children = (
				074934562824AD5A006C766F /* testwcdb */,
				074934552824AD5A006C766F /* Products */,
				A7738F69AF89503F3D485753 /* Pods */,
				D5591CB51DF030FB6053B2F7 /* Frameworks */,
			);
			sourceTree = "<group>";
		};
		074934552824AD5A006C766F /* Products */ = {
			isa = PBXGroup;
			children = (
				074934542824AD5A006C766F /* libtestwcdb.a */,
			);
			name = Products;
			sourceTree = "<group>";
		};
		074934562824AD5A006C766F /* testwcdb */ = {
			isa = PBXGroup;
			children = (
				074934612824B650006C766F /* Classes */,
				074934572824AD5A006C766F /* testwcdb.h */,
				074934582824AD5A006C766F /* testwcdb.mm */,
			);
			path = testwcdb;
			sourceTree = "<group>";
		};
		074934612824B650006C766F /* Classes */ = {
			isa = PBXGroup;
			children = (
				074934682824C5D1006C766F /* CIBXAppDAOBase.h */,
				074934652824C5D1006C766F /* CIBXAppDAOBase.mm */,
				074934662824C5D1006C766F /* CIBXAppDAOBase+Private.h */,
				074934672824C5D1006C766F /* CIBXAPPWCDBKey.h */,
				0749346A2824C8CD006C766F /* CIBXAppConfigDao.h */,
				0749346B2824C8CD006C766F /* CIBXAppConfigDao.mm */,
				0749346F2824C900006C766F /* CIBXAppConfigModel.h */,
				0749346D2824C8FF006C766F /* CIBXAppConfigModel.mm */,
				0749346E2824C8FF006C766F /* CIBXAppConfigModel+WCTTableCoding.h */,
			);
			path = Classes;
			sourceTree = "<group>";
		};
		A7738F69AF89503F3D485753 /* Pods */ = {
			isa = PBXGroup;
			children = (
				699AC50D524EAD7F63600B32 /* Pods-testwcdb.debug.xcconfig */,
				E5D1525BABA5DC7D83FFC97B /* Pods-testwcdb.release.xcconfig */,
			);
			path = Pods;
			sourceTree = "<group>";
		};
		D5591CB51DF030FB6053B2F7 /* Frameworks */ = {
			isa = PBXGroup;
			children = (
				C2BD0477E8CD4C30D4F3111D /* Pods_testwcdb.framework */,
			);
			name = Frameworks;
			sourceTree = "<group>";
		};
/* End PBXGroup section */

/* Begin PBXNativeTarget section */
		074934532824AD5A006C766F /* testwcdb */ = {
			isa = PBXNativeTarget;
			buildConfigurationList = 0749345D2824AD5A006C766F /* Build configuration list for PBXNativeTarget "testwcdb" */;
			buildPhases = (
				DD6F3E1734FC2D4ED74412EC /* [CP] Check Pods Manifest.lock */,
				074934502824AD5A006C766F /* Sources */,
				074934512824AD5A006C766F /* Frameworks */,
				074934522824AD5A006C766F /* CopyFiles */,
			);
			buildRules = (
			);
			dependencies = (
			);
			name = testwcdb;
			productName = testwcdb;
			productReference = 074934542824AD5A006C766F /* libtestwcdb.a */;
			productType = "com.apple.product-type.library.static";
		};
/* End PBXNativeTarget section */

/* Begin PBXProject section */
		0749344C2824AD5A006C766F /* Project object */ = {
			isa = PBXProject;
			attributes = {
				BuildIndependentTargetsInParallel = 1;
				LastUpgradeCheck = 1330;
				TargetAttributes = {
					074934532824AD5A006C766F = {
						CreatedOnToolsVersion = 13.3.1;
					};
				};
			};
			buildConfigurationList = 0749344F2824AD5A006C766F /* Build configuration list for PBXProject "testwcdb" */;
			compatibilityVersion = "Xcode 13.0";
			developmentRegion = en;
			hasScannedForEncodings = 0;
			knownRegions = (
				en,
				Base,
			);
			mainGroup = 0749344B2824AD5A006C766F;
			productRefGroup = 074934552824AD5A006C766F /* Products */;
			projectDirPath = "";
			projectRoot = "";
			targets = (
				074934532824AD5A006C766F /* testwcdb */,
			);
		};
/* End PBXProject section */

/* Begin PBXShellScriptBuildPhase section */
		DD6F3E1734FC2D4ED74412EC /* [CP] Check Pods Manifest.lock */ = {
			isa = PBXShellScriptBuildPhase;
			buildActionMask = 2147483647;
			files = (
			);
			inputFileListPaths = (
			);
			inputPaths = (
				"${PODS_PODFILE_DIR_PATH}/Podfile.lock",
				"${PODS_ROOT}/Manifest.lock",
			);
			name = "[CP] Check Pods Manifest.lock";
			outputFileListPaths = (
			);
			outputPaths = (
				"$(DERIVED_FILE_DIR)/Pods-testwcdb-checkManifestLockResult.txt",
			);
			runOnlyForDeploymentPostprocessing = 0;
			shellPath = /bin/sh;
			shellScript = "diff \"${PODS_PODFILE_DIR_PATH}/Podfile.lock\" \"${PODS_ROOT}/Manifest.lock\" > /dev/null\nif [ $? != 0 ] ; then\n    # print error to STDERR\n    echo \"error: The sandbox is not in sync with the Podfile.lock. Run 'pod install' or update your CocoaPods installation.\" >&2\n    exit 1\nfi\n# This output is used by Xcode 'outputs' to avoid re-running this script phase.\necho \"SUCCESS\" > \"${SCRIPT_OUTPUT_FILE_0}\"\n";
			showEnvVarsInLog = 0;
		};
/* End PBXShellScriptBuildPhase section */

/* Begin PBXSourcesBuildPhase section */
		074934502824AD5A006C766F /* Sources */ = {
			isa = PBXSourcesBuildPhase;
			buildActionMask = 2147483647;
			files = (
				0749346C2824C8CD006C766F /* CIBXAppConfigDao.mm in Sources */,
				074934702824C900006C766F /* CIBXAppConfigModel.mm in Sources */,
				074934592824AD5A006C766F /* testwcdb.mm in Sources */,
				074934692824C5D1006C766F /* CIBXAppDAOBase.mm in Sources */,
			);
			runOnlyForDeploymentPostprocessing = 0;
		};
/* End PBXSourcesBuildPhase section */

/* Begin XCBuildConfiguration section */
		0749345B2824AD5A006C766F /* Debug */ = {
			isa = XCBuildConfiguration;
			buildSettings = {
				ALWAYS_SEARCH_USER_PATHS = NO;
				CLANG_ANALYZER_NONNULL = YES;
				CLANG_ANALYZER_NUMBER_OBJECT_CONVERSION = YES_AGGRESSIVE;
				CLANG_CXX_LANGUAGE_STANDARD = "gnu++17";
				CLANG_ENABLE_MODULES = YES;
				CLANG_ENABLE_OBJC_ARC = YES;
				CLANG_ENABLE_OBJC_WEAK = YES;
				CLANG_WARN_BLOCK_CAPTURE_AUTORELEASING = YES;
				CLANG_WARN_BOOL_CONVERSION = YES;
				CLANG_WARN_COMMA = YES;
				CLANG_WARN_CONSTANT_CONVERSION = YES;
				CLANG_WARN_DEPRECATED_OBJC_IMPLEMENTATIONS = YES;
				CLANG_WARN_DIRECT_OBJC_ISA_USAGE = YES_ERROR;
				CLANG_WARN_DOCUMENTATION_COMMENTS = YES;
				CLANG_WARN_EMPTY_BODY = YES;
				CLANG_WARN_ENUM_CONVERSION = YES;
				CLANG_WARN_INFINITE_RECURSION = YES;
				CLANG_WARN_INT_CONVERSION = YES;
				CLANG_WARN_NON_LITERAL_NULL_CONVERSION = YES;
				CLANG_WARN_OBJC_IMPLICIT_RETAIN_SELF = YES;
				CLANG_WARN_OBJC_LITERAL_CONVERSION = YES;
				CLANG_WARN_OBJC_ROOT_CLASS = YES_ERROR;
				CLANG_WARN_QUOTED_INCLUDE_IN_FRAMEWORK_HEADER = YES;
				CLANG_WARN_RANGE_LOOP_ANALYSIS = YES;
				CLANG_WARN_STRICT_PROTOTYPES = YES;
				CLANG_WARN_SUSPICIOUS_MOVE = YES;
				CLANG_WARN_UNGUARDED_AVAILABILITY = YES_AGGRESSIVE;
				CLANG_WARN_UNREACHABLE_CODE = YES;
				CLANG_WARN__DUPLICATE_METHOD_MATCH = YES;
				COPY_PHASE_STRIP = NO;
				DEBUG_INFORMATION_FORMAT = dwarf;
				ENABLE_STRICT_OBJC_MSGSEND = YES;
				ENABLE_TESTABILITY = YES;
				GCC_C_LANGUAGE_STANDARD = gnu11;
				GCC_DYNAMIC_NO_PIC = NO;
				GCC_NO_COMMON_BLOCKS = YES;
				GCC_OPTIMIZATION_LEVEL = 0;
				GCC_PREPROCESSOR_DEFINITIONS = (
					"DEBUG=1",
					"$(inherited)",
				);
				GCC_WARN_64_TO_32_BIT_CONVERSION = YES;
				GCC_WARN_ABOUT_RETURN_TYPE = YES_ERROR;
				GCC_WARN_UNDECLARED_SELECTOR = YES;
				GCC_WARN_UNINITIALIZED_AUTOS = YES_AGGRESSIVE;
				GCC_WARN_UNUSED_FUNCTION = YES;
				GCC_WARN_UNUSED_VARIABLE = YES;
				IPHONEOS_DEPLOYMENT_TARGET = 9.0;
				MTL_ENABLE_DEBUG_INFO = INCLUDE_SOURCE;
				MTL_FAST_MATH = YES;
				ONLY_ACTIVE_ARCH = YES;
				SDKROOT = iphoneos;
			};
			name = Debug;
		};
		0749345C2824AD5A006C766F /* Release */ = {
			isa = XCBuildConfiguration;
			buildSettings = {
				ALWAYS_SEARCH_USER_PATHS = NO;
				CLANG_ANALYZER_NONNULL = YES;
				CLANG_ANALYZER_NUMBER_OBJECT_CONVERSION = YES_AGGRESSIVE;
				CLANG_CXX_LANGUAGE_STANDARD = "gnu++17";
				CLANG_ENABLE_MODULES = YES;
				CLANG_ENABLE_OBJC_ARC = YES;
				CLANG_ENABLE_OBJC_WEAK = YES;
				CLANG_WARN_BLOCK_CAPTURE_AUTORELEASING = YES;
				CLANG_WARN_BOOL_CONVERSION = YES;
				CLANG_WARN_COMMA = YES;
				CLANG_WARN_CONSTANT_CONVERSION = YES;
				CLANG_WARN_DEPRECATED_OBJC_IMPLEMENTATIONS = YES;
				CLANG_WARN_DIRECT_OBJC_ISA_USAGE = YES_ERROR;
				CLANG_WARN_DOCUMENTATION_COMMENTS = YES;
				CLANG_WARN_EMPTY_BODY = YES;
				CLANG_WARN_ENUM_CONVERSION = YES;
				CLANG_WARN_INFINITE_RECURSION = YES;
				CLANG_WARN_INT_CONVERSION = YES;
				CLANG_WARN_NON_LITERAL_NULL_CONVERSION = YES;
				CLANG_WARN_OBJC_IMPLICIT_RETAIN_SELF = YES;
				CLANG_WARN_OBJC_LITERAL_CONVERSION = YES;
				CLANG_WARN_OBJC_ROOT_CLASS = YES_ERROR;
				CLANG_WARN_QUOTED_INCLUDE_IN_FRAMEWORK_HEADER = YES;
				CLANG_WARN_RANGE_LOOP_ANALYSIS = YES;
				CLANG_WARN_STRICT_PROTOTYPES = YES;
				CLANG_WARN_SUSPICIOUS_MOVE = YES;
				CLANG_WARN_UNGUARDED_AVAILABILITY = YES_AGGRESSIVE;
				CLANG_WARN_UNREACHABLE_CODE = YES;
				CLANG_WARN__DUPLICATE_METHOD_MATCH = YES;
				COPY_PHASE_STRIP = NO;
				DEBUG_INFORMATION_FORMAT = "dwarf-with-dsym";
				ENABLE_NS_ASSERTIONS = NO;
				ENABLE_STRICT_OBJC_MSGSEND = YES;
				GCC_C_LANGUAGE_STANDARD = gnu11;
				GCC_NO_COMMON_BLOCKS = YES;
				GCC_WARN_64_TO_32_BIT_CONVERSION = YES;
				GCC_WARN_ABOUT_RETURN_TYPE = YES_ERROR;
				GCC_WARN_UNDECLARED_SELECTOR = YES;
				GCC_WARN_UNINITIALIZED_AUTOS = YES_AGGRESSIVE;
				GCC_WARN_UNUSED_FUNCTION = YES;
				GCC_WARN_UNUSED_VARIABLE = YES;
				IPHONEOS_DEPLOYMENT_TARGET = 9.0;
				MTL_ENABLE_DEBUG_INFO = NO;
				MTL_FAST_MATH = YES;
				SDKROOT = iphoneos;
				VALIDATE_PRODUCT = YES;
			};
			name = Release;
		};
		0749345E2824AD5A006C766F /* Debug */ = {
			isa = XCBuildConfiguration;
			baseConfigurationReference = 699AC50D524EAD7F63600B32 /* Pods-testwcdb.debug.xcconfig */;
			buildSettings = {
				CLANG_CXX_LANGUAGE_STANDARD = "c++17";
				CODE_SIGN_STYLE = Automatic;
				DEVELOPMENT_TEAM = 26LRVTGA28;
				OTHER_LDFLAGS = "-ObjC";
				PRODUCT_NAME = "$(TARGET_NAME)";
				SKIP_INSTALL = YES;
				TARGETED_DEVICE_FAMILY = "1,2";
			};
			name = Debug;
		};
		0749345F2824AD5A006C766F /* Release */ = {
			isa = XCBuildConfiguration;
			baseConfigurationReference = E5D1525BABA5DC7D83FFC97B /* Pods-testwcdb.release.xcconfig */;
			buildSettings = {
				CLANG_CXX_LANGUAGE_STANDARD = "c++17";
				CODE_SIGN_STYLE = Automatic;
				DEVELOPMENT_TEAM = 26LRVTGA28;
				OTHER_LDFLAGS = "-ObjC";
				PRODUCT_NAME = "$(TARGET_NAME)";
				SKIP_INSTALL = YES;
				TARGETED_DEVICE_FAMILY = "1,2";
			};
			name = Release;
		};
/* End XCBuildConfiguration section */

/* Begin XCConfigurationList section */
		0749344F2824AD5A006C766F /* Build configuration list for PBXProject "testwcdb" */ = {
			isa = XCConfigurationList;
			buildConfigurations = (
				0749345B2824AD5A006C766F /* Debug */,
				0749345C2824AD5A006C766F /* Release */,
			);
			defaultConfigurationIsVisible = 0;
			defaultConfigurationName = Release;
		};
		0749345D2824AD5A006C766F /* Build configuration list for PBXNativeTarget "testwcdb" */ = {
			isa = XCConfigurationList;
			buildConfigurations = (
				0749345E2824AD5A006C766F /* Debug */,
				0749345F2824AD5A006C766F /* Release */,
			);
			defaultConfigurationIsVisible = 0;
			defaultConfigurationName = Release;
		};
/* End XCConfigurationList section */
	};
	rootObject = 0749344C2824AD5A006C766F /* Project object */;
}
